
Microsoft Visual Studio Solution File, Format Version 12.00
# Visual Studio Version 17
VisualStudioVersion = 17.0.31903.59
MinimumVisualStudioVersion = 10.0.40219.1
Project("{2150E333-8FDC-42A3-9474-1A3956D46DE8}") = "src", "src", "{5ABDDDD9-FB96-43ED-A3E3-50013441E5C8}"
EndProject
Project("{2150E333-8FDC-42A3-9474-1A3956D46DE8}") = "Services", "Services", "{B1381431-0DAE-4F83-88F3-04405A7F1CAB}"
EndProject
Project("{2150E333-8FDC-42A3-9474-1A3956D46DE8}") = "Shared", "Shared", "{4484F44B-1958-4097-ADF1-23BBF4F2DD72}"
EndProject
Project("{2150E333-8FDC-42A3-9474-1A3956D46DE8}") = "Web", "Web", "{1E2A871E-DE4F-47F1-B852-62EB48608717}"
EndProject
Project("{2150E333-8FDC-42A3-9474-1A3956D46DE8}") = "tests", "tests", "{54EB6129-0A5A-49C5-95C4-339AD126D11C}"
EndProject
Project("{9A19103F-16F7-4668-BE54-9A1E7A4F7556}") = "HealthTechApp.ServiceDefaults", "Shared\HealthTechApp.ServiceDefaults\HealthTechApp.ServiceDefaults.csproj", "{CD821713-0693-4BE3-A5AD-3EE011698F7E}"
EndProject
Project("{9A19103F-16F7-4668-BE54-9A1E7A4F7556}") = "HealthTechApp.AppHost", "Shared\HealthTechApp.AppHost\HealthTechApp.AppHost.csproj", "{4EFE967D-2BF7-4A30-A549-19AC95C62C40}"
EndProject
Project("{2150E333-8FDC-42A3-9474-1A3956D46DE8}") = "Booking", "Booking", "{853A1E23-15F8-473F-99AA-17C91EBF0FE6}"
EndProject
Project("{9A19103F-16F7-4668-BE54-9A1E7A4F7556}") = "Booking.Api", "Services\Booking\Booking.Api\Booking.Api.csproj", "{2B1DE532-E73E-4D24-949C-C816838BBB25}"
EndProject
Project("{FAE04EC0-301F-11D3-BF4B-00C04F79EFBC}") = "Booking.Application", "Services\Booking\Booking.Application\Booking.Application.csproj", "{62E4C83F-BA7F-4C36-B1E7-C6F0BE025728}"
EndProject
Project("{FAE04EC0-301F-11D3-BF4B-00C04F79EFBC}") = "Booking.Domain", "Services\Booking\Booking.Domain\Booking.Domain.csproj", "{0F305427-B274-4152-8B66-DCB599065E59}"
EndProject
Project("{FAE04EC0-301F-11D3-BF4B-00C04F79EFBC}") = "Booking.Infrastructure", "Services\Booking\Booking.Infrastructure\Booking.Infrastructure.csproj", "{0C4637D9-3F0B-4280-8EC3-1C36A168FD2F}"
EndProject
Project("{FAE04EC0-301F-11D3-BF4B-00C04F79EFBC}") = "Booking.Messages", "Services\Booking\Booking.Messages\Booking.Messages.csproj", "{722DA266-453E-4957-84AC-B4CC529444C5}"
EndProject
Global
	GlobalSection(SolutionConfigurationPlatforms) = preSolution
		Debug|Any CPU = Debug|Any CPU
		Release|Any CPU = Release|Any CPU
	EndGlobalSection
	GlobalSection(ProjectConfigurationPlatforms) = postSolution
		{CD821713-0693-4BE3-A5AD-3EE011698F7E}.Debug|Any CPU.ActiveCfg = Debug|Any CPU
		{CD821713-0693-4BE3-A5AD-3EE011698F7E}.Debug|Any CPU.Build.0 = Debug|Any CPU
		{CD821713-0693-4BE3-A5AD-3EE011698F7E}.Release|Any CPU.ActiveCfg = Release|Any CPU
		{CD821713-0693-4BE3-A5AD-3EE011698F7E}.Release|Any CPU.Build.0 = Release|Any CPU
		{4EFE967D-2BF7-4A30-A549-19AC95C62C40}.Debug|Any CPU.ActiveCfg = Debug|Any CPU
		{4EFE967D-2BF7-4A30-A549-19AC95C62C40}.Debug|Any CPU.Build.0 = Debug|Any CPU
		{4EFE967D-2BF7-4A30-A549-19AC95C62C40}.Release|Any CPU.ActiveCfg = Release|Any CPU
		{4EFE967D-2BF7-4A30-A549-19AC95C62C40}.Release|Any CPU.Build.0 = Release|Any CPU
		{2B1DE532-E73E-4D24-949C-C816838BBB25}.Debug|Any CPU.ActiveCfg = Debug|Any CPU
		{2B1DE532-E73E-4D24-949C-C816838BBB25}.Debug|Any CPU.Build.0 = Debug|Any CPU
		{2B1DE532-E73E-4D24-949C-C816838BBB25}.Release|Any CPU.ActiveCfg = Release|Any CPU
		{2B1DE532-E73E-4D24-949C-C816838BBB25}.Release|Any CPU.Build.0 = Release|Any CPU
		{62E4C83F-BA7F-4C36-B1E7-C6F0BE025728}.Debug|Any CPU.ActiveCfg = Debug|Any CPU
		{62E4C83F-BA7F-4C36-B1E7-C6F0BE025728}.Debug|Any CPU.Build.0 = Debug|Any CPU
		{62E4C83F-BA7F-4C36-B1E7-C6F0BE025728}.Release|Any CPU.ActiveCfg = Release|Any CPU
		{62E4C83F-BA7F-4C36-B1E7-C6F0BE025728}.Release|Any CPU.Build.0 = Release|Any CPU
		{0F305427-B274-4152-8B66-DCB599065E59}.Debug|Any CPU.ActiveCfg = Debug|Any CPU
		{0F305427-B274-4152-8B66-DCB599065E59}.Debug|Any CPU.Build.0 = Debug|Any CPU
		{0F305427-B274-4152-8B66-DCB599065E59}.Release|Any CPU.ActiveCfg = Release|Any CPU
		{0F305427-B274-4152-8B66-DCB599065E59}.Release|Any CPU.Build.0 = Release|Any CPU
		{0C4637D9-3F0B-4280-8EC3-1C36A168FD2F}.Debug|Any CPU.ActiveCfg = Debug|Any CPU
		{0C4637D9-3F0B-4280-8EC3-1C36A168FD2F}.Debug|Any CPU.Build.0 = Debug|Any CPU
		{0C4637D9-3F0B-4280-8EC3-1C36A168FD2F}.Release|Any CPU.ActiveCfg = Release|Any CPU
		{0C4637D9-3F0B-4280-8EC3-1C36A168FD2F}.Release|Any CPU.Build.0 = Release|Any CPU
		{722DA266-453E-4957-84AC-B4CC529444C5}.Debug|Any CPU.ActiveCfg = Debug|Any CPU
		{722DA266-453E-4957-84AC-B4CC529444C5}.Debug|Any CPU.Build.0 = Debug|Any CPU
		{722DA266-453E-4957-84AC-B4CC529444C5}.Release|Any CPU.ActiveCfg = Release|Any CPU
		{722DA266-453E-4957-84AC-B4CC529444C5}.Release|Any CPU.Build.0 = Release|Any CPU
	EndGlobalSection
	GlobalSection(SolutionProperties) = preSolution
		HideSolutionNode = FALSE
	EndGlobalSection
	GlobalSection(NestedProjects) = preSolution
		{B1381431-0DAE-4F83-88F3-04405A7F1CAB} = {5ABDDDD9-FB96-43ED-A3E3-50013441E5C8}
		{4484F44B-1958-4097-ADF1-23BBF4F2DD72} = {5ABDDDD9-FB96-43ED-A3E3-50013441E5C8}
		{1E2A871E-DE4F-47F1-B852-62EB48608717} = {5ABDDDD9-FB96-43ED-A3E3-50013441E5C8}
		{CD821713-0693-4BE3-A5AD-3EE011698F7E} = {4484F44B-1958-4097-ADF1-23BBF4F2DD72}
		{4EFE967D-2BF7-4A30-A549-19AC95C62C40} = {4484F44B-1958-4097-ADF1-23BBF4F2DD72}
		{853A1E23-15F8-473F-99AA-17C91EBF0FE6} = {B1381431-0DAE-4F83-88F3-04405A7F1CAB}
		{2B1DE532-E73E-4D24-949C-C816838BBB25} = {853A1E23-15F8-473F-99AA-17C91EBF0FE6}
		{62E4C83F-BA7F-4C36-B1E7-C6F0BE025728} = {853A1E23-15F8-473F-99AA-17C91EBF0FE6}
		{0F305427-B274-4152-8B66-DCB599065E59} = {853A1E23-15F8-473F-99AA-17C91EBF0FE6}
		{0C4637D9-3F0B-4280-8EC3-1C36A168FD2F} = {853A1E23-15F8-473F-99AA-17C91EBF0FE6}
		{722DA266-453E-4957-84AC-B4CC529444C5} = {853A1E23-15F8-473F-99AA-17C91EBF0FE6}
	EndGlobalSection
	GlobalSection(ExtensibilityGlobals) = postSolution
		SolutionGuid = {AD564482-8E82-4868-B7D6-18B5BCDE7E16}
	EndGlobalSection
EndGlobal
